
Microsoft Visual Studio Solution File, Format Version 12.00
# Visual Studio 2012
Project("{FAE04EC0-301F-11D3-BF4B-00C04F79EFBC}") = "MyPlaneGame.Server", "MyPlaneGame.Server\MyPlaneGame.Server.csproj", "{1F7E7261-37B1-41F5-B4AA-E49F458C4F88}"
EndProject
Project("{FAE04EC0-301F-11D3-BF4B-00C04F79EFBC}") = "MyPlaneGame.Client", "MyPlaneGame.Client\MyPlaneGame.Client.csproj", "{A7235F25-C0E0-4876-913E-593A32FF233C}"
EndProject
Global
	GlobalSection(SolutionConfigurationPlatforms) = preSolution
		Debug|Any CPU = Debug|Any CPU
		Release|Any CPU = Release|Any CPU
	EndGlobalSection
	GlobalSection(ProjectConfigurationPlatforms) = postSolution
		{1F7E7261-37B1-41F5-B4AA-E49F458C4F88}.Debug|Any CPU.ActiveCfg = Debug|Any CPU
		{1F7E7261-37B1-41F5-B4AA-E49F458C4F88}.Debug|Any CPU.Build.0 = Debug|Any CPU
		{1F7E7261-37B1-41F5-B4AA-E49F458C4F88}.Release|Any CPU.ActiveCfg = Release|Any CPU
		{1F7E7261-37B1-41F5-B4AA-E49F458C4F88}.Release|Any CPU.Build.0 = Release|Any CPU
		{A7235F25-C0E0-4876-913E-593A32FF233C}.Debug|Any CPU.ActiveCfg = Debug|Any CPU
		{A7235F25-C0E0-4876-913E-593A32FF233C}.Debug|Any CPU.Build.0 = Debug|Any CPU
		{A7235F25-C0E0-4876-913E-593A32FF233C}.Release|Any CPU.ActiveCfg = Release|Any CPU
		{A7235F25-C0E0-4876-913E-593A32FF233C}.Release|Any CPU.Build.0 = Release|Any CPU
	EndGlobalSection
	GlobalSection(SolutionProperties) = preSolution
		HideSolutionNode = FALSE
	EndGlobalSection
EndGlobal
